{
  "name": "Lab_06",
  "lockfileVersion": 3,
  "requires": true,
  "packages": {
    "": {
      "dependencies": {
        "m0603-art": "^1.0.0",
        "nodemailer": "^7.0.9"
      }
    },
    "node_modules/m0603-art": {
      "version": "1.0.0",
      "resolved": "https://registry.npmjs.org/m0603-art/-/m0603-art-1.0.0.tgz",
      "integrity": "sha512-Beu9vnbr8HywIKUMqCejqOFk+MuvzqXBbtO7BUMoRNRy6Byj1R8Z5cr2MGL0DGzfK1oBS98dwbVbvt4EJOYIGw==",
      "license": "MIT",
      "dependencies": {
        "nodemailer": "^7.0.9"
      }
    },
    "node_modules/nodemailer": {
      "version": "7.0.9",
      "resolved": "https://registry.npmjs.org/nodemailer/-/nodemailer-7.0.9.tgz",
      "integrity": "sha512-9/Qm0qXIByEP8lEV2qOqcAW7bRpL8CR9jcTwk3NBnHJNmP9fIJ86g2fgmIXqHY+nj55ZEMwWqYAT2QTDpRUYiQ==",
      "license": "MIT-0",
      "engines": {
        "node": ">=6.0.0"
      }
    }
  }
}
